
Microsoft Visual Studio Solution File, Format Version 12.00
# Visual Studio Version 16
VisualStudioVersion = 16.0.30717.126
MinimumVisualStudioVersion = 10.0.40219.1
Project("{FAE04EC0-301F-11D3-BF4B-00C04F79EFBC}") = "Demo.WebApp", "Demo.WebApp\Demo.WebApp.csproj", "{B46F6481-B18B-4C03-B983-9F361DB1341F}"
EndProject
Global
	GlobalSection(SolutionConfigurationPlatforms) = preSolution
		Debug|Any CPU = Debug|Any CPU
		Release|Any CPU = Release|Any CPU
	EndGlobalSection
	GlobalSection(ProjectConfigurationPlatforms) = postSolution
		{B46F6481-B18B-4C03-B983-9F361DB1341F}.Debug|Any CPU.ActiveCfg = Debug|Any CPU
		{B46F6481-B18B-4C03-B983-9F361DB1341F}.Debug|Any CPU.Build.0 = Debug|Any CPU
		{B46F6481-B18B-4C03-B983-9F361DB1341F}.Release|Any CPU.ActiveCfg = Release|Any CPU
		{B46F6481-B18B-4C03-B983-9F361DB1341F}.Release|Any CPU.Build.0 = Release|Any CPU
	EndGlobalSection
	GlobalSection(SolutionProperties) = preSolution
		HideSolutionNode = FALSE
	EndGlobalSection
	GlobalSection(ExtensibilityGlobals) = postSolution
		SolutionGuid = {6A677D19-57C1-48EE-8FCA-2F2AE019310C}
	EndGlobalSection
EndGlobal
